
Microsoft Visual Studio Solution File, Format Version 12.00
Project("{FAE04EC0-301F-11D3-BF4B-00C04F79EFBC}") = "httpserver", "httpserver\httpserver.csproj", "{04E60A0D-A7F6-43B8-A611-5BE302527142}"
EndProject
Global
	GlobalSection(SolutionConfigurationPlatforms) = preSolution
		Debug|Any CPU = Debug|Any CPU
		Release|Any CPU = Release|Any CPU
	EndGlobalSection
	GlobalSection(ProjectConfigurationPlatforms) = postSolution
		{04E60A0D-A7F6-43B8-A611-5BE302527142}.Debug|Any CPU.ActiveCfg = Debug|Any CPU
		{04E60A0D-A7F6-43B8-A611-5BE302527142}.Debug|Any CPU.Build.0 = Debug|Any CPU
		{04E60A0D-A7F6-43B8-A611-5BE302527142}.Release|Any CPU.ActiveCfg = Release|Any CPU
		{04E60A0D-A7F6-43B8-A611-5BE302527142}.Release|Any CPU.Build.0 = Release|Any CPU
	EndGlobalSection
EndGlobal
